Microsoft Visual Studio Solution File, Format Version 12.00
# Visual Studio Version 17
VisualStudioVersion = 17.0.31912.275
MinimumVisualStudioVersion = 10.0.40219.1

Project("{FAE04EC0-301F-11D3-BF4B-00C04F79EFBC}") = "EventApi", "src\EventApi\EventApi.csproj", "{9A1D4F6E-9F0A-4B02-B3C2-0F0D6B5C1A1E}"
EndProject
Project("{FAE04EC0-301F-11D3-BF4B-00C04F79EFBC}") = "EventApi.Tests", "tests\EventApi.Tests\EventApi.Tests.csproj", "{C2B1A8D6-6F6B-4F4A-8C8D-1B2E3F4A5B6C}"
EndProject
Global
	GlobalSection(SolutionConfigurationPlatforms) = preSolution
		Debug|Any CPU = Debug|Any CPU
		Release|Any CPU = Release|Any CPU
	EndGlobalSection
	GlobalSection(ProjectConfigurationPlatforms) = postSolution
		{9A1D4F6E-9F0A-4B02-B3C2-0F0D6B5C1A1E}.Debug|Any CPU.ActiveCfg = Debug|Any CPU
		{9A1D4F6E-9F0A-4B02-B3C2-0F0D6B5C1A1E}.Debug|Any CPU.Build.0 = Debug|Any CPU
		{9A1D4F6E-9F0A-4B02-B3C2-0F0D6B5C1A1E}.Release|Any CPU.ActiveCfg = Release|Any CPU
		{9A1D4F6E-9F0A-4B02-B3C2-0F0D6B5C1A1E}.Release|Any CPU.Build.0 = Release|Any CPU
		{C2B1A8D6-6F6B-4F4A-8C8D-1B2E3F4A5B6C}.Debug|Any CPU.ActiveCfg = Debug|Any CPU
		{C2B1A8D6-6F6B-4F4A-8C8D-1B2E3F4A5B6C}.Debug|Any CPU.Build.0 = Debug|Any CPU
		{C2B1A8D6-6F6B-4F4A-8C8D-1B2E3F4A5B6C}.Release|Any CPU.ActiveCfg = Release|Any CPU
		{C2B1A8D6-6F6B-4F4A-8C8D-1B2E3F4A5B6C}.Release|Any CPU.Build.0 = Release|Any CPU
	EndGlobalSection
EndGlobal
